
Microsoft Visual Studio Solution File, Format Version 12.00
# Visual Studio Version 18
VisualStudioVersion = 18.10.12217.157
MinimumVisualStudioVersion = 10.0.40219.1
Project("{FAE04EC0-301F-11D3-BF4B-00C04F79EFBC}") = "ConferenceRoomBooking.Api", "src\ConferenceRoomBooking.Api\ConferenceRoomBooking.Api.csproj", "{F4DFAE79-CD9E-41FB-8546-6A0D9A1FDC1A}"
EndProject
Project("{2150E333-8FDC-42A3-9474-1A3956D46DE8}") = "src", "src", "{827E0CD3-B72D-47B6-A68D-7590B98EB39B}"
EndProject
Project("{FAE04EC0-301F-11D3-BF4B-00C04F79EFBC}") = "ConferenceRoomBooking.Application", "src\ConferenceRoomBooking.Application\ConferenceRoomBooking.Application.csproj", "{7292626D-4A58-4388-9F57-4BECBE650C92}"
EndProject
Project("{FAE04EC0-301F-11D3-BF4B-00C04F79EFBC}") = "ConferenceRoomBooking.Domain", "src\ConferenceRoomBooking.Domain\ConferenceRoomBooking.Domain.csproj", "{D8A68D28-1FE3-437A-9425-84B342809DDA}"
EndProject
Project("{FAE04EC0-301F-11D3-BF4B-00C04F79EFBC}") = "ConferenceRoomBooking.Infrastructure", "src\ConferenceRoomBooking.Infrastructure\ConferenceRoomBooking.Infrastructure.csproj", "{D2B2B340-8597-4F2C-B595-F8BE665F4533}"
EndProject
Project("{2150E333-8FDC-42A3-9474-1A3956D46DE8}") = "tests", "tests", "{0AB3BF05-4346-4AA6-1389-037BE0695223}"
EndProject
Project("{FAE04EC0-301F-11D3-BF4B-00C04F79EFBC}") = "ConferenceRoomBooking.UnitTests", "tests\ConferenceRoomBooking.UnitTests\ConferenceRoomBooking.UnitTests.csproj", "{8BAF41C3-0013-46C7-A835-A60555C18741}"
EndProject
Project("{FAE04EC0-301F-11D3-BF4B-00C04F79EFBC}") = "ConferenceRoomBooking.IntegrationTests", "tests\ConferenceRoomBooking.IntegrationTests\ConferenceRoomBooking.IntegrationTests.csproj", "{7B2E37DE-DE73-4FBC-BA20-7389ADFA0390}"
EndProject
Project("{FAE04EC0-301F-11D3-BF4B-00C04F79EFBC}") = "ConferenceRoomBooking.E2ETests", "ConferenceRoomBooking.E2ETests\ConferenceRoomBooking.E2ETests.csproj", "{D3410889-63D2-44BD-B309-CFAE77D99F06}"
EndProject
Project("{2150E333-8FDC-42A3-9474-1A3956D46DE8}") = "Solution Items", "Solution Items", "{39A1F842-25DD-4C69-A4AE-C90ED6E7F988}"
	ProjectSection(SolutionItems) = preProject
		.dockerignore = .dockerignore
		docker-compose.e2e.yml = docker-compose.e2e.yml
	EndProjectSection
EndProject
Global
	GlobalSection(SolutionConfigurationPlatforms) = preSolution
		Debug|Any CPU = Debug|Any CPU
		Debug|x64 = Debug|x64
		Debug|x86 = Debug|x86
		Release|Any CPU = Release|Any CPU
		Release|x64 = Release|x64
		Release|x86 = Release|x86
	EndGlobalSection
	GlobalSection(ProjectConfigurationPlatforms) = postSolution
		{F4DFAE79-CD9E-41FB-8546-6A0D9A1FDC1A}.Debug|Any CPU.ActiveCfg = Debug|Any CPU
		{F4DFAE79-CD9E-41FB-8546-6A0D9A1FDC1A}.Debug|Any CPU.Build.0 = Debug|Any CPU
		{F4DFAE79-CD9E-41FB-8546-6A0D9A1FDC1A}.Debug|x64.ActiveCfg = Debug|Any CPU
		{F4DFAE79-CD9E-41FB-8546-6A0D9A1FDC1A}.Debug|x64.Build.0 = Debug|Any CPU
		{F4DFAE79-CD9E-41FB-8546-6A0D9A1FDC1A}.Debug|x86.ActiveCfg = Debug|Any CPU
		{F4DFAE79-CD9E-41FB-8546-6A0D9A1FDC1A}.Debug|x86.Build.0 = Debug|Any CPU
		{F4DFAE79-CD9E-41FB-8546-6A0D9A1FDC1A}.Release|Any CPU.ActiveCfg = Release|Any CPU
		{F4DFAE79-CD9E-41FB-8546-6A0D9A1FDC1A}.Release|Any CPU.Build.0 = Release|Any CPU
		{F4DFAE79-CD9E-41FB-8546-6A0D9A1FDC1A}.Release|x64.ActiveCfg = Release|Any CPU
		{F4DFAE79-CD9E-41FB-8546-6A0D9A1FDC1A}.Release|x64.Build.0 = Release|Any CPU
		{F4DFAE79-CD9E-41FB-8546-6A0D9A1FDC1A}.Release|x86.ActiveCfg = Release|Any CPU
		{F4DFAE79-CD9E-41FB-8546-6A0D9A1FDC1A}.Release|x86.Build.0 = Release|Any CPU
		{7292626D-4A58-4388-9F57-4BECBE650C92}.Debug|Any CPU.ActiveCfg = Debug|Any CPU
		{7292626D-4A58-4388-9F57-4BECBE650C92}.Debug|Any CPU.Build.0 = Debug|Any CPU
		{7292626D-4A58-4388-9F57-4BECBE650C92}.Debug|x64.ActiveCfg = Debug|Any CPU
		{7292626D-4A58-4388-9F57-4BECBE650C92}.Debug|x64.Build.0 = Debug|Any CPU
		{7292626D-4A58-4388-9F57-4BECBE650C92}.Debug|x86.ActiveCfg = Debug|Any CPU
		{7292626D-4A58-4388-9F57-4BECBE650C92}.Debug|x86.Build.0 = Debug|Any CPU
		{7292626D-4A58-4388-9F57-4BECBE650C92}.Release|Any CPU.ActiveCfg = Release|Any CPU
		{7292626D-4A58-4388-9F57-4BECBE650C92}.Release|Any CPU.Build.0 = Release|Any CPU
		{7292626D-4A58-4388-9F57-4BECBE650C92}.Release|x64.ActiveCfg = Release|Any CPU
		{7292626D-4A58-4388-9F57-4BECBE650C92}.Release|x64.Build.0 = Release|Any CPU
		{7292626D-4A58-4388-9F57-4BECBE650C92}.Release|x86.ActiveCfg = Release|Any CPU
		{7292626D-4A58-4388-9F57-4BECBE650C92}.Release|x86.Build.0 = Release|Any CPU
		{D8A68D28-1FE3-437A-9425-84B342809DDA}.Debug|Any CPU.ActiveCfg = Debug|Any CPU
		{D8A68D28-1FE3-437A-9425-84B342809DDA}.Debug|Any CPU.Build.0 = Debug|Any CPU
		{D8A68D28-1FE3-437A-9425-84B342809DDA}.Debug|x64.ActiveCfg = Debug|Any CPU
		{D8A68D28-1FE3-437A-9425-84B342809DDA}.Debug|x64.Build.0 = Debug|Any CPU
		{D8A68D28-1FE3-437A-9425-84B342809DDA}.Debug|x86.ActiveCfg = Debug|Any CPU
		{D8A68D28-1FE3-437A-9425-84B342809DDA}.Debug|x86.Build.0 = Debug|Any CPU
		{D8A68D28-1FE3-437A-9425-84B342809DDA}.Release|Any CPU.ActiveCfg = Release|Any CPU
		{D8A68D28-1FE3-437A-9425-84B342809DDA}.Release|Any CPU.Build.0 = Release|Any CPU
		{D8A68D28-1FE3-437A-9425-84B342809DDA}.Release|x64.ActiveCfg = Release|Any CPU
		{D8A68D28-1FE3-437A-9425-84B342809DDA}.Release|x64.Build.0 = Release|Any CPU
		{D8A68D28-1FE3-437A-9425-84B342809DDA}.Release|x86.ActiveCfg = Release|Any CPU
		{D8A68D28-1FE3-437A-9425-84B342809DDA}.Release|x86.Build.0 = Release|Any CPU
		{D2B2B340-8597-4F2C-B595-F8BE665F4533}.Debug|Any CPU.ActiveCfg = Debug|Any CPU
		{D2B2B340-8597-4F2C-B595-F8BE665F4533}.Debug|Any CPU.Build.0 = Debug|Any CPU
		{D2B2B340-8597-4F2C-B595-F8BE665F4533}.Debug|x64.ActiveCfg = Debug|Any CPU
		{D2B2B340-8597-4F2C-B595-F8BE665F4533}.Debug|x64.Build.0 = Debug|Any CPU
		{D2B2B340-8597-4F2C-B595-F8BE665F4533}.Debug|x86.ActiveCfg = Debug|Any CPU
		{D2B2B340-8597-4F2C-B595-F8BE665F4533}.Debug|x86.Build.0 = Debug|Any CPU
		{D2B2B340-8597-4F2C-B595-F8BE665F4533}.Release|Any CPU.ActiveCfg = Release|Any CPU
		{D2B2B340-8597-4F2C-B595-F8BE665F4533}.Release|Any CPU.Build.0 = Release|Any CPU
		{D2B2B340-8597-4F2C-B595-F8BE665F4533}.Release|x64.ActiveCfg = Release|Any CPU
		{D2B2B340-8597-4F2C-B595-F8BE665F4533}.Release|x64.Build.0 = Release|Any CPU
		{D2B2B340-8597-4F2C-B595-F8BE665F4533}.Release|x86.ActiveCfg = Release|Any CPU
		{D2B2B340-8597-4F2C-B595-F8BE665F4533}.Release|x86.Build.0 = Release|Any CPU
		{8BAF41C3-0013-46C7-A835-A60555C18741}.Debug|Any CPU.ActiveCfg = Debug|Any CPU
		{8BAF41C3-0013-46C7-A835-A60555C18741}.Debug|Any CPU.Build.0 = Debug|Any CPU
		{8BAF41C3-0013-46C7-A835-A60555C18741}.Debug|x64.ActiveCfg = Debug|Any CPU
		{8BAF41C3-0013-46C7-A835-A60555C18741}.Debug|x64.Build.0 = Debug|Any CPU
		{8BAF41C3-0013-46C7-A835-A60555C18741}.Debug|x86.ActiveCfg = Debug|Any CPU
		{8BAF41C3-0013-46C7-A835-A60555C18741}.Debug|x86.Build.0 = Debug|Any CPU
		{8BAF41C3-0013-46C7-A835-A60555C18741}.Release|Any CPU.ActiveCfg = Release|Any CPU
		{8BAF41C3-0013-46C7-A835-A60555C18741}.Release|Any CPU.Build.0 = Release|Any CPU
		{8BAF41C3-0013-46C7-A835-A60555C18741}.Release|x64.ActiveCfg = Release|Any CPU
		{8BAF41C3-0013-46C7-A835-A60555C18741}.Release|x64.Build.0 = Release|Any CPU
		{8BAF41C3-0013-46C7-A835-A60555C18741}.Release|x86.ActiveCfg = Release|Any CPU
		{8BAF41C3-0013-46C7-A835-A60555C18741}.Release|x86.Build.0 = Release|Any CPU
		{7B2E37DE-DE73-4FBC-BA20-7389ADFA0390}.Debug|Any CPU.ActiveCfg = Debug|Any CPU
		{7B2E37DE-DE73-4FBC-BA20-7389ADFA0390}.Debug|Any CPU.Build.0 = Debug|Any CPU
		{7B2E37DE-DE73-4FBC-BA20-7389ADFA0390}.Debug|x64.ActiveCfg = Debug|Any CPU
		{7B2E37DE-DE73-4FBC-BA20-7389ADFA0390}.Debug|x64.Build.0 = Debug|Any CPU
		{7B2E37DE-DE73-4FBC-BA20-7389ADFA0390}.Debug|x86.ActiveCfg = Debug|Any CPU
		{7B2E37DE-DE73-4FBC-BA20-7389ADFA0390}.Debug|x86.Build.0 = Debug|Any CPU
		{7B2E37DE-DE73-4FBC-BA20-7389ADFA0390}.Release|Any CPU.ActiveCfg = Release|Any CPU
		{7B2E37DE-DE73-4FBC-BA20-7389ADFA0390}.Release|Any CPU.Build.0 = Release|Any CPU
		{7B2E37DE-DE73-4FBC-BA20-7389ADFA0390}.Release|x64.ActiveCfg = Release|Any CPU
		{7B2E37DE-DE73-4FBC-BA20-7389ADFA0390}.Release|x64.Build.0 = Release|Any CPU
		{7B2E37DE-DE73-4FBC-BA20-7389ADFA0390}.Release|x86.ActiveCfg = Release|Any CPU
		{7B2E37DE-DE73-4FBC-BA20-7389ADFA0390}.Release|x86.Build.0 = Release|Any CPU
		{D3410889-63D2-44BD-B309-CFAE77D99F06}.Debug|Any CPU.ActiveCfg = Debug|Any CPU
		{D3410889-63D2-44BD-B309-CFAE77D99F06}.Debug|Any CPU.Build.0 = Debug|Any CPU
		{D3410889-63D2-44BD-B309-CFAE77D99F06}.Debug|x64.ActiveCfg = Debug|Any CPU
		{D3410889-63D2-44BD-B309-CFAE77D99F06}.Debug|x64.Build.0 = Debug|Any CPU
		{D3410889-63D2-44BD-B309-CFAE77D99F06}.Debug|x86.ActiveCfg = Debug|Any CPU
		{D3410889-63D2-44BD-B309-CFAE77D99F06}.Debug|x86.Build.0 = Debug|Any CPU
		{D3410889-63D2-44BD-B309-CFAE77D99F06}.Release|Any CPU.ActiveCfg = Release|Any CPU
		{D3410889-63D2-44BD-B309-CFAE77D99F06}.Release|Any CPU.Build.0 = Release|Any CPU
		{D3410889-63D2-44BD-B309-CFAE77D99F06}.Release|x64.ActiveCfg = Release|Any CPU
		{D3410889-63D2-44BD-B309-CFAE77D99F06}.Release|x64.Build.0 = Release|Any CPU
		{D3410889-63D2-44BD-B309-CFAE77D99F06}.Release|x86.ActiveCfg = Release|Any CPU
		{D3410889-63D2-44BD-B309-CFAE77D99F06}.Release|x86.Build.0 = Release|Any CPU
	EndGlobalSection
	GlobalSection(SolutionProperties) = preSolution
		HideSolutionNode = FALSE
	EndGlobalSection
	GlobalSection(NestedProjects) = preSolution
		{F4DFAE79-CD9E-41FB-8546-6A0D9A1FDC1A} = {827E0CD3-B72D-47B6-A68D-7590B98EB39B}
		{7292626D-4A58-4388-9F57-4BECBE650C92} = {827E0CD3-B72D-47B6-A68D-7590B98EB39B}
		{D8A68D28-1FE3-437A-9425-84B342809DDA} = {827E0CD3-B72D-47B6-A68D-7590B98EB39B}
		{D2B2B340-8597-4F2C-B595-F8BE665F4533} = {827E0CD3-B72D-47B6-A68D-7590B98EB39B}
		{8BAF41C3-0013-46C7-A835-A60555C18741} = {0AB3BF05-4346-4AA6-1389-037BE0695223}
		{7B2E37DE-DE73-4FBC-BA20-7389ADFA0390} = {0AB3BF05-4346-4AA6-1389-037BE0695223}
	EndGlobalSection
	GlobalSection(ExtensibilityGlobals) = postSolution
		SolutionGuid = {F8DC7B3D-B253-4931-B09B-9BF4562BF858}
	EndGlobalSection
EndGlobal
